// !$*UTF8*$!
{
	archiveVersion = 1;
	classes = {
	};
	objectVersion = 46;
	objects = {

/* Begin PBXBuildFile section */
		F77AE7921E8C4C87002DECF3 /* AppDelegate.swift in Sources */ = {isa = PBXBuildFile; fileRef = F77AE7911E8C4C87002DECF3 /* AppDelegate.swift */; };
		F77AE7941E8C4C87002DECF3 /* ViewController.swift in Sources */ = {isa = PBXBuildFile; fileRef = F77AE7931E8C4C87002DECF3 /* ViewController.swift */; };
		F77AE7971E8C4C87002DECF3 /* Main.storyboard in Resources */ = {isa = PBXBuildFile; fileRef = F77AE7951E8C4C87002DECF3 /* Main.storyboard */; };
		F77AE7991E8C4C87002DECF3 /* Assets.xcassets in Resources */ = {isa = PBXBuildFile; fileRef = F77AE7981E8C4C87002DECF3 /* Assets.xcassets */; };
		F77AE79C1E8C4C87002DECF3 /* LaunchScreen.storyboard in Resources */ = {isa = PBXBuildFile; fileRef = F77AE79A1E8C4C87002DECF3 /* LaunchScreen.storyboard */; };
		F77AE7A71E8C4C87002DECF3 /* DestroyTheWorldTests.swift in Sources */ = {isa = PBXBuildFile; fileRef = F77AE7A61E8C4C87002DECF3 /* DestroyTheWorldTests.swift */; };
		F77AE7B21E8C4C88002DECF3 /* DestroyTheWorldUITests.swift in Sources */ = {isa = PBXBuildFile; fileRef = F77AE7B11E8C4C88002DECF3 /* DestroyTheWorldUITests.swift */; };
/* End PBXBuildFile section */

/* Begin PBXContainerItemProxy section */
		F77AE7A31E8C4C87002DECF3 /* PBXContainerItemProxy */ = {
			isa = PBXContainerItemProxy;
			containerPortal = F77AE7861E8C4C87002DECF3 /* Project object */;
			proxyType = 1;
			remoteGlobalIDString = F77AE78D1E8C4C87002DECF3;
			remoteInfo = DestroyTheWorld;
		};
		F77AE7AE1E8C4C88002DECF3 /* PBXContainerItemProxy */ = {
			isa = PBXContainerItemProxy;
			containerPortal = F77AE7861E8C4C87002DECF3 /* Project object */;
			proxyType = 1;
			remoteGlobalIDString = F77AE78D1E8C4C87002DECF3;
			remoteInfo = DestroyTheWorld;
		};
/* End PBXContainerItemProxy section */

/* Begin PBXFileReference section */
		F77AE78E1E8C4C87002DECF3 /* DestroyTheWorld.app */ = {isa = PBXFileReference; explicitFileType = wrapper.application; includeInIndex = 0; path = DestroyTheWorld.app; sourceTree = BUILT_PRODUCTS_DIR; };
		F77AE7911E8C4C87002DECF3 /* AppDelegate.swift */ = {isa = PBXFileReference; lastKnownFileType = sourcecode.swift; path = AppDelegate.swift; sourceTree = "<group>"; };
		F77AE7931E8C4C87002DECF3 /* ViewController.swift */ = {isa = PBXFileReference; lastKnownFileType = sourcecode.swift; path = ViewController.swift; sourceTree = "<group>"; };
		F77AE7961E8C4C87002DECF3 /* Base */ = {isa = PBXFileReference; lastKnownFileType = file.storyboard; name = Base; path = Base.lproj/Main.storyboard; sourceTree = "<group>"; };
		F77AE7981E8C4C87002DECF3 /* Assets.xcassets */ = {isa = PBXFileReference; lastKnownFileType = folder.assetcatalog; path = Assets.xcassets; sourceTree = "<group>"; };
		F77AE79B1E8C4C87002DECF3 /* Base */ = {isa = PBXFileReference; lastKnownFileType = file.storyboard; name = Base; path = Base.lproj/LaunchScreen.storyboard; sourceTree = "<group>"; };
		F77AE79D1E8C4C87002DECF3 /* Info.plist */ = {isa = PBXFileReference; lastKnownFileType = text.plist.xml; path = Info.plist; sourceTree = "<group>"; };
		F77AE7A21E8C4C87002DECF3 /* DestroyTheWorldTests.xctest */ = {isa = PBXFileReference; explicitFileType = wrapper.cfbundle; includeInIndex = 0; path = DestroyTheWorldTests.xctest; sourceTree = BUILT_PRODUCTS_DIR; };
		F77AE7A61E8C4C87002DECF3 /* DestroyTheWorldTests.swift */ = {isa = PBXFileReference; lastKnownFileType = sourcecode.swift; path = DestroyTheWorldTests.swift; sourceTree = "<group>"; };
		F77AE7A81E8C4C87002DECF3 /* Info.plist */ = {isa = PBXFileReference; lastKnownFileType = text.plist.xml; path = Info.plist; sourceTree = "<group>"; };
		F77AE7AD1E8C4C87002DECF3 /* DestroyTheWorldUITests.xctest */ = {isa = PBXFileReference; explicitFileType = wrapper.cfbundle; includeInIndex = 0; path = DestroyTheWorldUITests.xctest; sourceTree = BUILT_PRODUCTS_DIR; };
		F77AE7B11E8C4C88002DECF3 /* DestroyTheWorldUITests.swift */ = {isa = PBXFileReference; lastKnownFileType = sourcecode.swift; path = DestroyTheWorldUITests.swift; sourceTree = "<group>"; };
		F77AE7B31E8C4C88002DECF3 /* Info.plist */ = {isa = PBXFileReference; lastKnownFileType = text.plist.xml; path = Info.plist; sourceTree = "<group>"; };
/* End PBXFileReference section */

/* Begin PBXFrameworksBuildPhase section */
		F77AE78B1E8C4C87002DECF3 /* Frameworks */ = {
			isa = PBXFrameworksBuildPhase;
			buildActionMask = 2147483647;
			files = (
			);
			runOnlyForDeploymentPostprocessing = 0;
		};
		F77AE79F1E8C4C87002DECF3 /* Frameworks */ = {
			isa = PBXFrameworksBuildPhase;
			buildActionMask = 2147483647;
			files = (
			);
			runOnlyForDeploymentPostprocessing = 0;
		};
		F77AE7AA1E8C4C87002DECF3 /* Frameworks */ = {
			isa = PBXFrameworksBuildPhase;
			buildActionMask = 2147483647;
			files = (
			);
			runOnlyForDeploymentPostprocessing = 0;
		};
/* End PBXFrameworksBuildPhase section */

/* Begin PBXGroup section */
		F77AE7851E8C4C87002DECF3 = {
			isa = PBXGroup;
			children = (
				F77AE7901E8C4C87002DECF3 /* DestroyTheWorld */,
				F77AE7A51E8C4C87002DECF3 /* DestroyTheWorldTests */,
				F77AE7B01E8C4C88002DECF3 /* DestroyTheWorldUITests */,
				F77AE78F1E8C4C87002DECF3 /* Products */,
			);
			sourceTree = "<group>";
		};
		F77AE78F1E8C4C87002DECF3 /* Products */ = {
			isa = PBXGroup;
			children = (
				F77AE78E1E8C4C87002DECF3 /* DestroyTheWorld.app */,
				F77AE7A21E8C4C87002DECF3 /* DestroyTheWorldTests.xctest */,
				F77AE7AD1E8C4C87002DECF3 /* DestroyTheWorldUITests.xctest */,
			);
			name = Products;
			sourceTree = "<group>";
		};
		F77AE7901E8C4C87002DECF3 /* DestroyTheWorld */ = {
			isa = PBXGroup;
			children = (
				F77AE7911E8C4C87002DECF3 /* AppDelegate.swift */,
				F77AE7931E8C4C87002DECF3 /* ViewController.swift */,
				F77AE7951E8C4C87002DECF3 /* Main.storyboard */,
				F77AE7981E8C4C87002DECF3 /* Assets.xcassets */,
				F77AE79A1E8C4C87002DECF3 /* LaunchScreen.storyboard */,
				F77AE79D1E8C4C87002DECF3 /* Info.plist */,
			);
			path = DestroyTheWorld;
			sourceTree = "<group>";
		};
		F77AE7A51E8C4C87002DECF3 /* DestroyTheWorldTests */ = {
			isa = PBXGroup;
			children = (
				F77AE7A61E8C4C87002DECF3 /* DestroyTheWorldTests.swift */,
				F77AE7A81E8C4C87002DECF3 /* Info.plist */,
			);
			path = DestroyTheWorldTests;
			sourceTree = "<group>";
		};
		F77AE7B01E8C4C88002DECF3 /* DestroyTheWorldUITests */ = {
			isa = PBXGroup;
			children = (
				F77AE7B11E8C4C88002DECF3 /* DestroyTheWorldUITests.swift */,
				F77AE7B31E8C4C88002DECF3 /* Info.plist */,
			);
			path = DestroyTheWorldUITests;
			sourceTree = "<group>";
		};
/* End PBXGroup section */

/* Begin PBXNativeTarget section */
		F77AE78D1E8C4C87002DECF3 /* DestroyTheWorld */ = {
			isa = PBXNativeTarget;
			buildConfigurationList = F77AE7B61E8C4C88002DECF3 /* Build configuration list for PBXNativeTarget "DestroyTheWorld" */;
			buildPhases = (
				F77AE78A1E8C4C87002DECF3 /* Sources */,
				F77AE78B1E8C4C87002DECF3 /* Frameworks */,
				F77AE78C1E8C4C87002DECF3 /* Resources */,
			);
			buildRules = (
			);
			dependencies = (
			);
			name = DestroyTheWorld;
			productName = DestroyTheWorld;
			productReference = F77AE78E1E8C4C87002DECF3 /* DestroyTheWorld.app */;
			productType = "com.apple.product-type.application";
		};
		F77AE7A11E8C4C87002DECF3 /* DestroyTheWorldTests */ = {
			isa = PBXNativeTarget;
			buildConfigurationList = F77AE7B91E8C4C88002DECF3 /* Build configuration list for PBXNativeTarget "DestroyTheWorldTests" */;
			buildPhases = (
				F77AE79E1E8C4C87002DECF3 /* Sources */,
				F77AE79F1E8C4C87002DECF3 /* Frameworks */,
				F77AE7A01E8C4C87002DECF3 /* Resources */,
			);
			buildRules = (
			);
			dependencies = (
				F77AE7A41E8C4C87002DECF3 /* PBXTargetDependency */,
			);
			name = DestroyTheWorldTests;
			productName = DestroyTheWorldTests;
			productReference = F77AE7A21E8C4C87002DECF3 /* DestroyTheWorldTests.xctest */;
			productType = "com.apple.product-type.bundle.unit-test";
		};
		F77AE7AC1E8C4C87002DECF3 /* DestroyTheWorldUITests */ = {
			isa = PBXNativeTarget;
			buildConfigurationList = F77AE7BC1E8C4C88002DECF3 /* Build configuration list for PBXNativeTarget "DestroyTheWorldUITests" */;
			buildPhases = (
				F77AE7A91E8C4C87002DECF3 /* Sources */,
				F77AE7AA1E8C4C87002DECF3 /* Frameworks */,
				F77AE7AB1E8C4C87002DECF3 /* Resources */,
			);
			buildRules = (
			);
			dependencies = (
				F77AE7AF1E8C4C88002DECF3 /* PBXTargetDependency */,
			);
			name = DestroyTheWorldUITests;
			productName = DestroyTheWorldUITests;
			productReference = F77AE7AD1E8C4C87002DECF3 /* DestroyTheWorldUITests.xctest */;
			productType = "com.apple.product-type.bundle.ui-testing";
		};
/* End PBXNativeTarget section */

/* Begin PBXProject section */
		F77AE7861E8C4C87002DECF3 /* Project object */ = {
			isa = PBXProject;
			attributes = {
				LastSwiftUpdateCheck = 0800;
				LastUpgradeCheck = 0800;
				ORGANIZATIONNAME = merveduzkan;
				TargetAttributes = {
					F77AE78D1E8C4C87002DECF3 = {
						CreatedOnToolsVersion = 8.0;
						ProvisioningStyle = Automatic;
					};
					F77AE7A11E8C4C87002DECF3 = {
						CreatedOnToolsVersion = 8.0;
						ProvisioningStyle = Automatic;
						TestTargetID = F77AE78D1E8C4C87002DECF3;
					};
					F77AE7AC1E8C4C87002DECF3 = {
						CreatedOnToolsVersion = 8.0;
						ProvisioningStyle = Automatic;
						TestTargetID = F77AE78D1E8C4C87002DECF3;
					};
				};
			};
			buildConfigurationList = F77AE7891E8C4C87002DECF3 /* Build configuration list for PBXProject "DestroyTheWorld" */;
			compatibilityVersion = "Xcode 3.2";
			developmentRegion = English;
			hasScannedForEncodings = 0;
			knownRegions = (
				en,
				Base,
			);
			mainGroup = F77AE7851E8C4C87002DECF3;
			productRefGroup = F77AE78F1E8C4C87002DECF3 /* Products */;
			projectDirPath = "";
			projectRoot = "";
			targets = (
				F77AE78D1E8C4C87002DECF3 /* DestroyTheWorld */,
				F77AE7A11E8C4C87002DECF3 /* DestroyTheWorldTests */,
				F77AE7AC1E8C4C87002DECF3 /* DestroyTheWorldUITests */,
			);
		};
/* End PBXProject section */

/* Begin PBXResourcesBuildPhase section */
		F77AE78C1E8C4C87002DECF3 /* Resources */ = {
			isa = PBXResourcesBuildPhase;
			buildActionMask = 2147483647;
			files = (
				F77AE79C1E8C4C87002DECF3 /* LaunchScreen.storyboard in Resources */,
				F77AE7991E8C4C87002DECF3 /* Assets.xcassets in Resources */,
				F77AE7971E8C4C87002DECF3 /* Main.storyboard in Resources */,
			);
			runOnlyForDeploymentPostprocessing = 0;
		};
		F77AE7A01E8C4C87002DECF3 /* Resources */ = {
			isa = PBXResourcesBuildPhase;
			buildActionMask = 2147483647;
			files = (
			);
			runOnlyForDeploymentPostprocessing = 0;
		};
		F77AE7AB1E8C4C87002DECF3 /* Resources */ = {
			isa = PBXResourcesBuildPhase;
			buildActionMask = 2147483647;
			files = (
			);
			runOnlyForDeploymentPostprocessing = 0;
		};
/* End PBXResourcesBuildPhase section */

/* Begin PBXSourcesBuildPhase section */
		F77AE78A1E8C4C87002DECF3 /* Sources */ = {
			isa = PBXSourcesBuildPhase;
			buildActionMask = 2147483647;
			files = (
				F77AE7941E8C4C87002DECF3 /* ViewController.swift in Sources */,
				F77AE7921E8C4C87002DECF3 /* AppDelegate.swift in Sources */,
			);
			runOnlyForDeploymentPostprocessing = 0;
		};
		F77AE79E1E8C4C87002DECF3 /* Sources */ = {
			isa = PBXSourcesBuildPhase;
			buildActionMask = 2147483647;
			files = (
				F77AE7A71E8C4C87002DECF3 /* DestroyTheWorldTests.swift in Sources */,
			);
			runOnlyForDeploymentPostprocessing = 0;
		};
		F77AE7A91E8C4C87002DECF3 /* Sources */ = {
			isa = PBXSourcesBuildPhase;
			buildActionMask = 2147483647;
			files = (
				F77AE7B21E8C4C88002DECF3 /* DestroyTheWorldUITests.swift in Sources */,
			);
			runOnlyForDeploymentPostprocessing = 0;
		};
/* End PBXSourcesBuildPhase section */

/* Begin PBXTargetDependency section */
		F77AE7A41E8C4C87002DECF3 /* PBXTargetDependency */ = {
			isa = PBXTargetDependency;
			target = F77AE78D1E8C4C87002DECF3 /* DestroyTheWorld */;
			targetProxy = F77AE7A31E8C4C87002DECF3 /* PBXContainerItemProxy */;
		};
		F77AE7AF1E8C4C88002DECF3 /* PBXTargetDependency */ = {
			isa = PBXTargetDependency;
			target = F77AE78D1E8C4C87002DECF3 /* DestroyTheWorld */;
			targetProxy = F77AE7AE1E8C4C88002DECF3 /* PBXContainerItemProxy */;
		};
/* End PBXTargetDependency section */

/* Begin PBXVariantGroup section */
		F77AE7951E8C4C87002DECF3 /* Main.storyboard */ = {
			isa = PBXVariantGroup;
			children = (
				F77AE7961E8C4C87002DECF3 /* Base */,
			);
			name = Main.storyboard;
			sourceTree = "<group>";
		};
		F77AE79A1E8C4C87002DECF3 /* LaunchScreen.storyboard */ = {
			isa = PBXVariantGroup;
			children = (
				F77AE79B1E8C4C87002DECF3 /* Base */,
			);
			name = LaunchScreen.storyboard;
			sourceTree = "<group>";
		};
/* End PBXVariantGroup section */

/* Begin XCBuildConfiguration section */
		F77AE7B41E8C4C88002DECF3 /* Debug */ = {
			isa = XCBuildConfiguration;
			buildSettings = {
				ALWAYS_SEARCH_USER_PATHS = NO;
				CLANG_ANALYZER_NONNULL = YES;
				CLANG_CXX_LANGUAGE_STANDARD = "gnu++0x";
				CLANG_CXX_LIBRARY = "libc++";
				CLANG_ENABLE_MODULES = YES;
				CLANG_ENABLE_OBJC_ARC = YES;
				CLANG_WARN_BOOL_CONVERSION = YES;
				CLANG_WARN_CONSTANT_CONVERSION = YES;
				CLANG_WARN_DIRECT_OBJC_ISA_USAGE = YES_ERROR;
				CLANG_WARN_DOCUMENTATION_COMMENTS = YES;
				CLANG_WARN_EMPTY_BODY = YES;
				CLANG_WARN_ENUM_CONVERSION = YES;
				CLANG_WARN_INFINITE_RECURSION = YES;
				CLANG_WARN_INT_CONVERSION = YES;
				CLANG_WARN_OBJC_ROOT_CLASS = YES_ERROR;
				CLANG_WARN_SUSPICIOUS_MOVES = YES;
				CLANG_WARN_UNREACHABLE_CODE = YES;
				CLANG_WARN__DUPLICATE_METHOD_MATCH = YES;
				"CODE_SIGN_IDENTITY[sdk=iphoneos*]" = "iPhone Developer";
				COPY_PHASE_STRIP = NO;
				DEBUG_INFORMATION_FORMAT = dwarf;
				ENABLE_STRICT_OBJC_MSGSEND = YES;
				ENABLE_TESTABILITY = YES;
				GCC_C_LANGUAGE_STANDARD = gnu99;
				GCC_DYNAMIC_NO_PIC = NO;
				GCC_NO_COMMON_BLOCKS = YES;
				GCC_OPTIMIZATION_LEVEL = 0;
				GCC_PREPROCESSOR_DEFINITIONS = (
					"DEBUG=1",
					"$(inherited)",
				);
				GCC_WARN_64_TO_32_BIT_CONVERSION = YES;
				GCC_WARN_ABOUT_RETURN_TYPE = YES_ERROR;
				GCC_WARN_UNDECLARED_SELECTOR = YES;
				GCC_WARN_UNINITIALIZED_AUTOS = YES_AGGRESSIVE;
				GCC_WARN_UNUSED_FUNCTION = YES;
				GCC_WARN_UNUSED_VARIABLE = YES;
				IPHONEOS_DEPLOYMENT_TARGET = 10.0;
				MTL_ENABLE_DEBUG_INFO = YES;
				ONLY_ACTIVE_ARCH = YES;
				SDKROOT = iphoneos;
				SWIFT_ACTIVE_COMPILATION_CONDITIONS = DEBUG;
				SWIFT_OPTIMIZATION_LEVEL = "-Onone";
				TARGETED_DEVICE_FAMILY = "1,2";
			};
			name = Debug;
		};
		F77AE7B51E8C4C88002DECF3 /* Release */ = {
			isa = XCBuildConfiguration;
			buildSettings = {
				ALWAYS_SEARCH_USER_PATHS = NO;
				CLANG_ANALYZER_NONNULL = YES;
				CLANG_CXX_LANGUAGE_STANDARD = "gnu++0x";
				CLANG_CXX_LIBRARY = "libc++";
				CLANG_ENABLE_MODULES = YES;
				CLANG_ENABLE_OBJC_ARC = YES;
				CLANG_WARN_BOOL_CONVERSION = YES;
				CLANG_WARN_CONSTANT_CONVERSION = YES;
				CLANG_WARN_DIRECT_OBJC_ISA_USAGE = YES_ERROR;
				CLANG_WARN_DOCUMENTATION_COMMENTS = YES;
				CLANG_WARN_EMPTY_BODY = YES;
				CLANG_WARN_ENUM_CONVERSION = YES;
				CLANG_WARN_INFINITE_RECURSION = YES;
				CLANG_WARN_INT_CONVERSION = YES;
				CLANG_WARN_OBJC_ROOT_CLASS = YES_ERROR;
				CLANG_WARN_SUSPICIOUS_MOVES = YES;
				CLANG_WARN_UNREACHABLE_CODE = YES;
				CLANG_WARN__DUPLICATE_METHOD_MATCH = YES;
				"CODE_SIGN_IDENTITY[sdk=iphoneos*]" = "iPhone Developer";
				COPY_PHASE_STRIP = NO;
				DEBUG_INFORMATION_FORMAT = "dwarf-with-dsym";
				ENABLE_NS_ASSERTIONS = NO;
				ENABLE_STRICT_OBJC_MSGSEND = YES;
				GCC_C_LANGUAGE_STANDARD = gnu99;
				GCC_NO_COMMON_BLOCKS = YES;
				GCC_WARN_64_TO_32_BIT_CONVERSION = YES;
				GCC_WARN_ABOUT_RETURN_TYPE = YES_ERROR;
				GCC_WARN_UNDECLARED_SELECTOR = YES;
				GCC_WARN_UNINITIALIZED_AUTOS = YES_AGGRESSIVE;
				GCC_WARN_UNUSED_FUNCTION = YES;
				GCC_WARN_UNUSED_VARIABLE = YES;
				IPHONEOS_DEPLOYMENT_TARGET = 10.0;
				MTL_ENABLE_DEBUG_INFO = NO;
				SDKROOT = iphoneos;
				SWIFT_OPTIMIZATION_LEVEL = "-Owholemodule";
				TARGETED_DEVICE_FAMILY = "1,2";
				VALIDATE_PRODUCT = YES;
			};
			name = Release;
		};
		F77AE7B71E8C4C88002DECF3 /* Debug */ = {
			isa = XCBuildConfiguration;
			buildSettings = {
				ASSETCATALOG_COMPILER_APPICON_NAME = AppIcon;
				INFOPLIST_FILE = DestroyTheWorld/Info.plist;
				LD_RUNPATH_SEARCH_PATHS = "$(inherited) @executable_path/Frameworks";
				PRODUCT_BUNDLE_IDENTIFIER = com.merve.DestroyTheWorld;
				PRODUCT_NAME = "$(TARGET_NAME)";
				SWIFT_VERSION = 3.0;
			};
			name = Debug;
		};
		F77AE7B81E8C4C88002DECF3 /* Release */ = {
			isa = XCBuildConfiguration;
			buildSettings = {
				ASSETCATALOG_COMPILER_APPICON_NAME = AppIcon;
				INFOPLIST_FILE = DestroyTheWorld/Info.plist;
				LD_RUNPATH_SEARCH_PATHS = "$(inherited) @executable_path/Frameworks";
				PRODUCT_BUNDLE_IDENTIFIER = com.merve.DestroyTheWorld;
				PRODUCT_NAME = "$(TARGET_NAME)";
				SWIFT_VERSION = 3.0;
			};
			name = Release;
		};
		F77AE7BA1E8C4C88002DECF3 /* Debug */ = {
			isa = XCBuildConfiguration;
			buildSettings = {
				ALWAYS_EMBED_SWIFT_STANDARD_LIBRARIES = YES;
				BUNDLE_LOADER = "$(TEST_HOST)";
				INFOPLIST_FILE = DestroyTheWorldTests/Info.plist;
				LD_RUNPATH_SEARCH_PATHS = "$(inherited) @executable_path/Frameworks @loader_path/Frameworks";
				PRODUCT_BUNDLE_IDENTIFIER = com.merve.DestroyTheWorldTests;
				PRODUCT_NAME = "$(TARGET_NAME)";
				SWIFT_VERSION = 3.0;
				TEST_HOST = "$(BUILT_PRODUCTS_DIR)/DestroyTheWorld.app/DestroyTheWorld";
			};
			name = Debug;
		};
		F77AE7BB1E8C4C88002DECF3 /* Release */ = {
			isa = XCBuildConfiguration;
			buildSettings = {
				ALWAYS_EMBED_SWIFT_STANDARD_LIBRARIES = YES;
				BUNDLE_LOADER = "$(TEST_HOST)";
				INFOPLIST_FILE = DestroyTheWorldTests/Info.plist;
				LD_RUNPATH_SEARCH_PATHS = "$(inherited) @executable_path/Frameworks @loader_path/Frameworks";
				PRODUCT_BUNDLE_IDENTIFIER = com.merve.DestroyTheWorldTests;
				PRODUCT_NAME = "$(TARGET_NAME)";
				SWIFT_VERSION = 3.0;
				TEST_HOST = "$(BUILT_PRODUCTS_DIR)/DestroyTheWorld.app/DestroyTheWorld";
			};
			name = Release;
		};
		F77AE7BD1E8C4C88002DECF3 /* Debug */ = {
			isa = XCBuildConfiguration;
			buildSettings = {
				ALWAYS_EMBED_SWIFT_STANDARD_LIBRARIES = YES;
				INFOPLIST_FILE = DestroyTheWorldUITests/Info.plist;
				LD_RUNPATH_SEARCH_PATHS = "$(inherited) @executable_path/Frameworks @loader_path/Frameworks";
				PRODUCT_BUNDLE_IDENTIFIER = com.merve.DestroyTheWorldUITests;
				PRODUCT_NAME = "$(TARGET_NAME)";
				SWIFT_VERSION = 3.0;
				TEST_TARGET_NAME = DestroyTheWorld;
			};
			name = Debug;
		};
		F77AE7BE1E8C4C88002DECF3 /* Release */ = {
			isa = XCBuildConfiguration;
			buildSettings = {
				ALWAYS_EMBED_SWIFT_STANDARD_LIBRARIES = YES;
				INFOPLIST_FILE = DestroyTheWorldUITests/Info.plist;
				LD_RUNPATH_SEARCH_PATHS = "$(inherited) @executable_path/Frameworks @loader_path/Frameworks";
				PRODUCT_BUNDLE_IDENTIFIER = com.merve.DestroyTheWorldUITests;
				PRODUCT_NAME = "$(TARGET_NAME)";
				SWIFT_VERSION = 3.0;
				TEST_TARGET_NAME = DestroyTheWorld;
			};
			name = Release;
		};
/* End XCBuildConfiguration section */

/* Begin XCConfigurationList section */
		F77AE7891E8C4C87002DECF3 /* Build configuration list for PBXProject "DestroyTheWorld" */ = {
			isa = XCConfigurationList;
			buildConfigurations = (
				F77AE7B41E8C4C88002DECF3 /* Debug */,
				F77AE7B51E8C4C88002DECF3 /* Release */,
			);
			defaultConfigurationIsVisible = 0;
			defaultConfigurationName = Release;
		};
		F77AE7B61E8C4C88002DECF3 /* Build configuration list for PBXNativeTarget "DestroyTheWorld" */ = {
			isa = XCConfigurationList;
			buildConfigurations = (
				F77AE7B71E8C4C88002DECF3 /* Debug */,
				F77AE7B81E8C4C88002DECF3 /* Release */,
			);
			defaultConfigurationIsVisible = 0;
		};
		F77AE7B91E8C4C88002DECF3 /* Build configuration list for PBXNativeTarget "DestroyTheWorldTests" */ = {
			isa = XCConfigurationList;
			buildConfigurations = (
				F77AE7BA1E8C4C88002DECF3 /* Debug */,
				F77AE7BB1E8C4C88002DECF3 /* Release */,
			);
			defaultConfigurationIsVisible = 0;
		};
		F77AE7BC1E8C4C88002DECF3 /* Build configuration list for PBXNativeTarget "DestroyTheWorldUITests" */ = {
			isa = XCConfigurationList;
			buildConfigurations = (
				F77AE7BD1E8C4C88002DECF3 /* Debug */,
				F77AE7BE1E8C4C88002DECF3 /* Release */,
			);
			defaultConfigurationIsVisible = 0;
		};
/* End XCConfigurationList section */
	};
	rootObject = F77AE7861E8C4C87002DECF3 /* Project object */;
}
